hash: 7c14c36607805536bb24c7183696227f4309a868097d5dfc9b31aa1cd2766830
updated: 2017-09-08T13:06:15.278714166+02:00
imports:
- name: github.com/certifi/gocertifi
  version: 3fd9e1adb12b72d2f3f82191d49be9b93c69f67c
- name: github.com/getsentry/raven-go
  version: d175f85701dfbf44cb0510114c9943e665e60907
- name: github.com/mattn/go-colorable
  version: 3fa8c76f9daed4067e4a806fb7e4dc86455c6d6a
- name: github.com/mattn/go-isatty
  version: fc9e8d8ef48496124e79ae0df75490096eccf6fe
- name: github.com/mgutz/ansi
  version: 9520e82c474b0a04dd04f8a40959027271bab992
- name: github.com/mgutz/logxi
  version: aebf8a7d67ab4625e0fd4a665766fef9a709161b
  subpackages:
  - v1
- name: golang.org/x/sys
  version: cd2c276457edda6df7fb04895d3fd6a6add42926
  subpackages:
  - unix
testImports:
- name: github.com/pkg/errors
  version: 645ef00459ed84a119197bfb8d8205042c6df63d
